Microsoft Visual Studio Solution File, Format Version 12.00
# Visual Studio 2012
Project("{FAE04EC0-301F-11D3-BF4B-00C04F79EFBC}") = "GDExtensionAPIGenerator", "GDExtensionAPIGenerator.csproj", "{8E908EA4-3214-44B5-ACF8-BF52D731172A}"
EndProject
Global
	GlobalSection(SolutionConfigurationPlatforms) = preSolution
	Debug|Any CPU = Debug|Any CPU
	ExportDebug|Any CPU = ExportDebug|Any CPU
	ExportRelease|Any CPU = ExportRelease|Any CPU
	EndGlobalSection
	GlobalSection(ProjectConfigurationPlatforms) = postSolution
		{8E908EA4-3214-44B5-ACF8-BF52D731172A}.Debug|Any CPU.ActiveCfg = Debug|Any CPU
		{8E908EA4-3214-44B5-ACF8-BF52D731172A}.Debug|Any CPU.Build.0 = Debug|Any CPU
		{8E908EA4-3214-44B5-ACF8-BF52D731172A}.ExportDebug|Any CPU.ActiveCfg = ExportDebug|Any CPU
		{8E908EA4-3214-44B5-ACF8-BF52D731172A}.ExportDebug|Any CPU.Build.0 = ExportDebug|Any CPU
		{8E908EA4-3214-44B5-ACF8-BF52D731172A}.ExportRelease|Any CPU.ActiveCfg = ExportRelease|Any CPU
		{8E908EA4-3214-44B5-ACF8-BF52D731172A}.ExportRelease|Any CPU.Build.0 = ExportRelease|Any CPU
	EndGlobalSection
EndGlobal
